
Microsoft Visual Studio Solution File, Format Version 12.00
# Visual Studio Version 16
VisualStudioVersion = 16.0.29509.3
MinimumVisualStudioVersion = 10.0.40219.1
Project("{FAE04EC0-301F-11D3-BF4B-00C04F79EFBC}") = "ProfileEndo", "AutoDoDuongKinh\ProfileEndo.csproj", "{68028D2C-79E5-4ABD-9170-078C719A696D}"
EndProject
Global
	GlobalSection(SolutionConfigurationPlatforms) = preSolution
		Debug|Any CPU = Debug|Any CPU
		Release|Any CPU = Release|Any CPU
	EndGlobalSection
	GlobalSection(ProjectConfigurationPlatforms) = postSolution
		{68028D2C-79E5-4ABD-9170-078C719A696D}.Debug|Any CPU.ActiveCfg = Debug|Any CPU
		{68028D2C-79E5-4ABD-9170-078C719A696D}.Debug|Any CPU.Build.0 = Debug|Any CPU
		{68028D2C-79E5-4ABD-9170-078C719A696D}.Release|Any CPU.ActiveCfg = Release|Any CPU
		{68028D2C-79E5-4ABD-9170-078C719A696D}.Release|Any CPU.Build.0 = Release|Any CPU
	EndGlobalSection
	GlobalSection(SolutionProperties) = preSolution
		HideSolutionNode = FALSE
	EndGlobalSection
	GlobalSection(ExtensibilityGlobals) = postSolution
		SolutionGuid = {83B7FA7E-F153-47E6-8955-75EA7315596D}
	EndGlobalSection
EndGlobal
